// !$*UTF8*$!
{
	archiveVersion = 1;
	classes = {
	};
	objectVersion = 52;
	objects = {

/* Begin PBXBuildFile section */
		254405F224AFB44C00C32DC8 /* AppDelegate.swift in Sources */ = {isa = PBXBuildFile; fileRef = 254405F124AFB44C00C32DC8 /* AppDelegate.swift */; };
		254405F424AFB44C00C32DC8 /* SceneDelegate.swift in Sources */ = {isa = PBXBuildFile; fileRef = 254405F324AFB44C00C32DC8 /* SceneDelegate.swift */; };
		254405F624AFB44C00C32DC8 /* ViewController.swift in Sources */ = {isa = PBXBuildFile; fileRef = 254405F524AFB44C00C32DC8 /* ViewController.swift */; };
		254405F924AFB44C00C32DC8 /* Main.storyboard in Resources */ = {isa = PBXBuildFile; fileRef = 254405F724AFB44C00C32DC8 /* Main.storyboard */; };
		254405FB24AFB44E00C32DC8 /* Assets.xcassets in Resources */ = {isa = PBXBuildFile; fileRef = 254405FA24AFB44E00C32DC8 /* Assets.xcassets */; };
		254405FE24AFB44E00C32DC8 /* LaunchScreen.storyboard in Resources */ = {isa = PBXBuildFile; fileRef = 254405FC24AFB44E00C32DC8 /* LaunchScreen.storyboard */; };
		258F07082674DAF6003DC7EF /* WKDownloadHelper in Frameworks */ = {isa = PBXBuildFile; productRef = 258F07072674DAF6003DC7EF /* WKDownloadHelper */; };
/* End PBXBuildFile section */

/* Begin PBXFileReference section */
		254405EE24AFB44C00C32DC8 /* WKWebViewDownloadHelper.app */ = {isa = PBXFileReference; explicitFileType = wrapper.application; includeInIndex = 0; path = WKWebViewDownloadHelper.app; sourceTree = BUILT_PRODUCTS_DIR; };
		254405F124AFB44C00C32DC8 /* AppDelegate.swift */ = {isa = PBXFileReference; lastKnownFileType = sourcecode.swift; path = AppDelegate.swift; sourceTree = "<group>"; };
		254405F324AFB44C00C32DC8 /* SceneDelegate.swift */ = {isa = PBXFileReference; lastKnownFileType = sourcecode.swift; path = SceneDelegate.swift; sourceTree = "<group>"; };
		254405F524AFB44C00C32DC8 /* ViewController.swift */ = {isa = PBXFileReference; lastKnownFileType = sourcecode.swift; path = ViewController.swift; sourceTree = "<group>"; };
		254405F824AFB44C00C32DC8 /* Base */ = {isa = PBXFileReference; lastKnownFileType = file.storyboard; name = Base; path = Base.lproj/Main.storyboard; sourceTree = "<group>"; };
		254405FA24AFB44E00C32DC8 /* Assets.xcassets */ = {isa = PBXFileReference; lastKnownFileType = folder.assetcatalog; path = Assets.xcassets; sourceTree = "<group>"; };
		254405FD24AFB44E00C32DC8 /* Base */ = {isa = PBXFileReference; lastKnownFileType = file.storyboard; name = Base; path = Base.lproj/LaunchScreen.storyboard; sourceTree = "<group>"; };
		254405FF24AFB44E00C32DC8 /* Info.plist */ = {isa = PBXFileReference; lastKnownFileType = text.plist.xml; path = Info.plist; sourceTree = "<group>"; };
		2544060524AFB47500C32DC8 /* WKWebViewDownloadHelper.swift */ = {isa = PBXFileReference; lastKnownFileType = sourcecode.swift; path = WKWebViewDownloadHelper.swift; sourceTree = "<group>"; };
/* End PBXFileReference section */

/* Begin PBXFrameworksBuildPhase section */
		254405EB24AFB44C00C32DC8 /* Frameworks */ = {
			isa = PBXFrameworksBuildPhase;
			buildActionMask = 2147483647;
			files = (
				258F07082674DAF6003DC7EF /* WKDownloadHelper in Frameworks */,
			);
			runOnlyForDeploymentPostprocessing = 0;
		};
/* End PBXFrameworksBuildPhase section */

/* Begin PBXGroup section */
		254405E524AFB44C00C32DC8 = {
			isa = PBXGroup;
			children = (
				254405F024AFB44C00C32DC8 /* WKWebViewDownloadHelper */,
				254405EF24AFB44C00C32DC8 /* Products */,
			);
			sourceTree = "<group>";
		};
		254405EF24AFB44C00C32DC8 /* Products */ = {
			isa = PBXGroup;
			children = (
				254405EE24AFB44C00C32DC8 /* WKWebViewDownloadHelper.app */,
			);
			name = Products;
			sourceTree = "<group>";
		};
		254405F024AFB44C00C32DC8 /* WKWebViewDownloadHelper */ = {
			isa = PBXGroup;
			children = (
				254405F124AFB44C00C32DC8 /* AppDelegate.swift */,
				254405F324AFB44C00C32DC8 /* SceneDelegate.swift */,
				254405F524AFB44C00C32DC8 /* ViewController.swift */,
				2544060524AFB47500C32DC8 /* WKWebViewDownloadHelper.swift */,
				254405F724AFB44C00C32DC8 /* Main.storyboard */,
				254405FA24AFB44E00C32DC8 /* Assets.xcassets */,
				254405FC24AFB44E00C32DC8 /* LaunchScreen.storyboard */,
				254405FF24AFB44E00C32DC8 /* Info.plist */,
			);
			path = WKWebViewDownloadHelper;
			sourceTree = "<group>";
		};
/* End PBXGroup section */

/* Begin PBXNativeTarget section */
		254405ED24AFB44C00C32DC8 /* WKWebViewDownloadHelper */ = {
			isa = PBXNativeTarget;
			buildConfigurationList = 2544060224AFB44E00C32DC8 /* Build configuration list for PBXNativeTarget "WKWebViewDownloadHelper" */;
			buildPhases = (
				254405EA24AFB44C00C32DC8 /* Sources */,
				254405EB24AFB44C00C32DC8 /* Frameworks */,
				254405EC24AFB44C00C32DC8 /* Resources */,
			);
			buildRules = (
			);
			dependencies = (
			);
			name = WKWebViewDownloadHelper;
			packageProductDependencies = (
				258F07072674DAF6003DC7EF /* WKDownloadHelper */,
			);
			productName = WKWebViewDownloadHelper;
			productReference = 254405EE24AFB44C00C32DC8 /* WKWebViewDownloadHelper.app */;
			productType = "com.apple.product-type.application";
		};
/* End PBXNativeTarget section */

/* Begin PBXProject section */
		254405E624AFB44C00C32DC8 /* Project object */ = {
			isa = PBXProject;
			attributes = {
				LastSwiftUpdateCheck = 1150;
				LastUpgradeCheck = 1150;
				ORGANIZATIONNAME = "Gualtiero Frigerio";
				TargetAttributes = {
					254405ED24AFB44C00C32DC8 = {
						CreatedOnToolsVersion = 11.5;
					};
				};
			};
			buildConfigurationList = 254405E924AFB44C00C32DC8 /* Build configuration list for PBXProject "WKWebViewDownloadHelper" */;
			compatibilityVersion = "Xcode 9.3";
			developmentRegion = en;
			hasScannedForEncodings = 0;
			knownRegions = (
				en,
				Base,
			);
			mainGroup = 254405E524AFB44C00C32DC8;
			packageReferences = (
				258F07062674DAF6003DC7EF /* XCRemoteSwiftPackageReference "WKDownloadHelper" */,
			);
			productRefGroup = 254405EF24AFB44C00C32DC8 /* Products */;
			projectDirPath = "";
			projectRoot = "";
			targets = (
				254405ED24AFB44C00C32DC8 /* WKWebViewDownloadHelper */,
			);
		};
/* End PBXProject section */

/* Begin PBXResourcesBuildPhase section */
		254405EC24AFB44C00C32DC8 /* Resources */ = {
			isa = PBXResourcesBuildPhase;
			buildActionMask = 2147483647;
			files = (
				254405FE24AFB44E00C32DC8 /* LaunchScreen.storyboard in Resources */,
				254405FB24AFB44E00C32DC8 /* Assets.xcassets in Resources */,
				254405F924AFB44C00C32DC8 /* Main.storyboard in Resources */,
			);
			runOnlyForDeploymentPostprocessing = 0;
		};
/* End PBXResourcesBuildPhase section */

/* Begin PBXSourcesBuildPhase section */
		254405EA24AFB44C00C32DC8 /* Sources */ = {
			isa = PBXSourcesBuildPhase;
			buildActionMask = 2147483647;
			files = (
				254405F624AFB44C00C32DC8 /* ViewController.swift in Sources */,
				254405F224AFB44C00C32DC8 /* AppDelegate.swift in Sources */,
				254405F424AFB44C00C32DC8 /* SceneDelegate.swift in Sources */,
			);
			runOnlyForDeploymentPostprocessing = 0;
		};
/* End PBXSourcesBuildPhase section */

/* Begin PBXVariantGroup section */
		254405F724AFB44C00C32DC8 /* Main.storyboard */ = {
			isa = PBXVariantGroup;
			children = (
				254405F824AFB44C00C32DC8 /* Base */,
			);
			name = Main.storyboard;
			sourceTree = "<group>";
		};
		254405FC24AFB44E00C32DC8 /* LaunchScreen.storyboard */ = {
			isa = PBXVariantGroup;
			children = (
				254405FD24AFB44E00C32DC8 /* Base */,
			);
			name = LaunchScreen.storyboard;
			sourceTree = "<group>";
		};
/* End PBXVariantGroup section */

/* Begin XCBuildConfiguration section */
		2544060024AFB44E00C32DC8 /* Debug */ = {
			isa = XCBuildConfiguration;
			buildSettings = {
				ALWAYS_SEARCH_USER_PATHS = NO;
				CLANG_ANALYZER_NONNULL = YES;
				CLANG_ANALYZER_NUMBER_OBJECT_CONVERSION = YES_AGGRESSIVE;
				CLANG_CXX_LANGUAGE_STANDARD = "gnu++14";
				CLANG_CXX_LIBRARY = "libc++";
				CLANG_ENABLE_MODULES = YES;
				CLANG_ENABLE_OBJC_ARC = YES;
				CLANG_ENABLE_OBJC_WEAK = YES;
				CLANG_WARN_BLOCK_CAPTURE_AUTORELEASING = YES;
				CLANG_WARN_BOOL_CONVERSION = YES;
				CLANG_WARN_COMMA = YES;
				CLANG_WARN_CONSTANT_CONVERSION = YES;
				CLANG_WARN_DEPRECATED_OBJC_IMPLEMENTATIONS = YES;
				CLANG_WARN_DIRECT_OBJC_ISA_USAGE = YES_ERROR;
				CLANG_WARN_DOCUMENTATION_COMMENTS = YES;
				CLANG_WARN_EMPTY_BODY = YES;
				CLANG_WARN_ENUM_CONVERSION = YES;
				CLANG_WARN_INFINITE_RECURSION = YES;
				CLANG_WARN_INT_CONVERSION = YES;
				CLANG_WARN_NON_LITERAL_NULL_CONVERSION = YES;
				CLANG_WARN_OBJC_IMPLICIT_RETAIN_SELF = YES;
				CLANG_WARN_OBJC_LITERAL_CONVERSION = YES;
				CLANG_WARN_OBJC_ROOT_CLASS = YES_ERROR;
				CLANG_WARN_RANGE_LOOP_ANALYSIS = YES;
				CLANG_WARN_STRICT_PROTOTYPES = YES;
				CLANG_WARN_SUSPICIOUS_MOVE = YES;
				CLANG_WARN_UNGUARDED_AVAILABILITY = YES_AGGRESSIVE;
				CLANG_WARN_UNREACHABLE_CODE = YES;
				CLANG_WARN__DUPLICATE_METHOD_MATCH = YES;
				COPY_PHASE_STRIP = NO;
				DEBUG_INFORMATION_FORMAT = dwarf;
				ENABLE_STRICT_OBJC_MSGSEND = YES;
				ENABLE_TESTABILITY = YES;
				GCC_C_LANGUAGE_STANDARD = gnu11;
				GCC_DYNAMIC_NO_PIC = NO;
				GCC_NO_COMMON_BLOCKS = YES;
				GCC_OPTIMIZATION_LEVEL = 0;
				GCC_PREPROCESSOR_DEFINITIONS = (
					"DEBUG=1",
					"$(inherited)",
				);
				GCC_WARN_64_TO_32_BIT_CONVERSION = YES;
				GCC_WARN_ABOUT_RETURN_TYPE = YES_ERROR;
				GCC_WARN_UNDECLARED_SELECTOR = YES;
				GCC_WARN_UNINITIALIZED_AUTOS = YES_AGGRESSIVE;
				GCC_WARN_UNUSED_FUNCTION = YES;
				GCC_WARN_UNUSED_VARIABLE = YES;
				IPHONEOS_DEPLOYMENT_TARGET = 13.5;
				MTL_ENABLE_DEBUG_INFO = INCLUDE_SOURCE;
				MTL_FAST_MATH = YES;
				ONLY_ACTIVE_ARCH = YES;
				SDKROOT = iphoneos;
				SWIFT_ACTIVE_COMPILATION_CONDITIONS = DEBUG;
				SWIFT_OPTIMIZATION_LEVEL = "-Onone";
			};
			name = Debug;
		};
		2544060124AFB44E00C32DC8 /* Release */ = {
			isa = XCBuildConfiguration;
			buildSettings = {
				ALWAYS_SEARCH_USER_PATHS = NO;
				CLANG_ANALYZER_NONNULL = YES;
				CLANG_ANALYZER_NUMBER_OBJECT_CONVERSION = YES_AGGRESSIVE;
				CLANG_CXX_LANGUAGE_STANDARD = "gnu++14";
				CLANG_CXX_LIBRARY = "libc++";
				CLANG_ENABLE_MODULES = YES;
				CLANG_ENABLE_OBJC_ARC = YES;
				CLANG_ENABLE_OBJC_WEAK = YES;
				CLANG_WARN_BLOCK_CAPTURE_AUTORELEASING = YES;
				CLANG_WARN_BOOL_CONVERSION = YES;
				CLANG_WARN_COMMA = YES;
				CLANG_WARN_CONSTANT_CONVERSION = YES;
				CLANG_WARN_DEPRECATED_OBJC_IMPLEMENTATIONS = YES;
				CLANG_WARN_DIRECT_OBJC_ISA_USAGE = YES_ERROR;
				CLANG_WARN_DOCUMENTATION_COMMENTS = YES;
				CLANG_WARN_EMPTY_BODY = YES;
				CLANG_WARN_ENUM_CONVERSION = YES;
				CLANG_WARN_INFINITE_RECURSION = YES;
				CLANG_WARN_INT_CONVERSION = YES;
				CLANG_WARN_NON_LITERAL_NULL_CONVERSION = YES;
				CLANG_WARN_OBJC_IMPLICIT_RETAIN_SELF = YES;
				CLANG_WARN_OBJC_LITERAL_CONVERSION = YES;
				CLANG_WARN_OBJC_ROOT_CLASS = YES_ERROR;
				CLANG_WARN_RANGE_LOOP_ANALYSIS = YES;
				CLANG_WARN_STRICT_PROTOTYPES = YES;
				CLANG_WARN_SUSPICIOUS_MOVE = YES;
				CLANG_WARN_UNGUARDED_AVAILABILITY = YES_AGGRESSIVE;
				CLANG_WARN_UNREACHABLE_CODE = YES;
				CLANG_WARN__DUPLICATE_METHOD_MATCH = YES;
				COPY_PHASE_STRIP = NO;
				DEBUG_INFORMATION_FORMAT = "dwarf-with-dsym";
				ENABLE_NS_ASSERTIONS = NO;
				ENABLE_STRICT_OBJC_MSGSEND = YES;
				GCC_C_LANGUAGE_STANDARD = gnu11;
				GCC_NO_COMMON_BLOCKS = YES;
				GCC_WARN_64_TO_32_BIT_CONVERSION = YES;
				GCC_WARN_ABOUT_RETURN_TYPE = YES_ERROR;
				GCC_WARN_UNDECLARED_SELECTOR = YES;
				GCC_WARN_UNINITIALIZED_AUTOS = YES_AGGRESSIVE;
				GCC_WARN_UNUSED_FUNCTION = YES;
				GCC_WARN_UNUSED_VARIABLE = YES;
				IPHONEOS_DEPLOYMENT_TARGET = 13.5;
				MTL_ENABLE_DEBUG_INFO = NO;
				MTL_FAST_MATH = YES;
				SDKROOT = iphoneos;
				SWIFT_COMPILATION_MODE = wholemodule;
				SWIFT_OPTIMIZATION_LEVEL = "-O";
				VALIDATE_PRODUCT = YES;
			};
			name = Release;
		};
		2544060324AFB44E00C32DC8 /* Debug */ = {
			isa = XCBuildConfiguration;
			buildSettings = {
				ASSETCATALOG_COMPILER_APPICON_NAME = AppIcon;
				CODE_SIGN_STYLE = Automatic;
				DEVELOPMENT_TEAM = "";
				INFOPLIST_FILE = WKWebViewDownloadHelper/Info.plist;
				LD_RUNPATH_SEARCH_PATHS = (
					"$(inherited)",
					"@executable_path/Frameworks",
				);
				PRODUCT_BUNDLE_IDENTIFIER = gfrigerio.com.WKWebViewDownloadHelper;
				PRODUCT_NAME = "$(TARGET_NAME)";
				SWIFT_VERSION = 5.0;
				TARGETED_DEVICE_FAMILY = "1,2";
			};
			name = Debug;
		};
		2544060424AFB44E00C32DC8 /* Release */ = {
			isa = XCBuildConfiguration;
			buildSettings = {
				ASSETCATALOG_COMPILER_APPICON_NAME = AppIcon;
				CODE_SIGN_STYLE = Automatic;
				DEVELOPMENT_TEAM = "";
				INFOPLIST_FILE = WKWebViewDownloadHelper/Info.plist;
				LD_RUNPATH_SEARCH_PATHS = (
					"$(inherited)",
					"@executable_path/Frameworks",
				);
				PRODUCT_BUNDLE_IDENTIFIER = gfrigerio.com.WKWebViewDownloadHelper;
				PRODUCT_NAME = "$(TARGET_NAME)";
				SWIFT_VERSION = 5.0;
				TARGETED_DEVICE_FAMILY = "1,2";
			};
			name = Release;
		};
/* End XCBuildConfiguration section */

/* Begin XCConfigurationList section */
		254405E924AFB44C00C32DC8 /* Build configuration list for PBXProject "WKWebViewDownloadHelper" */ = {
			isa = XCConfigurationList;
			buildConfigurations = (
				2544060024AFB44E00C32DC8 /* Debug */,
				2544060124AFB44E00C32DC8 /* Release */,
			);
			defaultConfigurationIsVisible = 0;
			defaultConfigurationName = Release;
		};
		2544060224AFB44E00C32DC8 /* Build configuration list for PBXNativeTarget "WKWebViewDownloadHelper" */ = {
			isa = XCConfigurationList;
			buildConfigurations = (
				2544060324AFB44E00C32DC8 /* Debug */,
				2544060424AFB44E00C32DC8 /* Release */,
			);
			defaultConfigurationIsVisible = 0;
			defaultConfigurationName = Release;
		};
/* End XCConfigurationList section */

/* Begin XCRemoteSwiftPackageReference section */
		258F07062674DAF6003DC7EF /* XCRemoteSwiftPackageReference "WKDownloadHelper" */ = {
			isa = XCRemoteSwiftPackageReference;
			repositoryURL = "https://github.com/gualtierofrigerio/WKDownloadHelper";
			requirement = {
				kind = upToNextMajorVersion;
				minimumVersion = 0.2.3;
			};
		};
/* End XCRemoteSwiftPackageReference section */

/* Begin XCSwiftPackageProductDependency section */
		258F07072674DAF6003DC7EF /* WKDownloadHelper */ = {
			isa = XCSwiftPackageProductDependency;
			package = 258F07062674DAF6003DC7EF /* XCRemoteSwiftPackageReference "WKDownloadHelper" */;
			productName = WKDownloadHelper;
		};
/* End XCSwiftPackageProductDependency section */
	};
	rootObject = 254405E624AFB44C00C32DC8 /* Project object */;
}
